
Microsoft Visual Studio Solution File, Format Version 12.00
# Visual Studio Version 16
VisualStudioVersion = 16.0.30517.126
MinimumVisualStudioVersion = 10.0.40219.1
Project("{FAE04EC0-301F-11D3-BF4B-00C04F79EFBC}") = "ioc", "ioc.csproj", "{52C6D2D5-652D-472E-8EA5-A791812D276C}"
EndProject
Global
	GlobalSection(SolutionConfigurationPlatforms) = preSolution
		Debug|Any CPU = Debug|Any CPU
		Release|Any CPU = Release|Any CPU
	EndGlobalSection
	GlobalSection(ProjectConfigurationPlatforms) = postSolution
		{52C6D2D5-652D-472E-8EA5-A791812D276C}.Debug|Any CPU.ActiveCfg = Debug|Any CPU
		{52C6D2D5-652D-472E-8EA5-A791812D276C}.Debug|Any CPU.Build.0 = Debug|Any CPU
		{52C6D2D5-652D-472E-8EA5-A791812D276C}.Release|Any CPU.ActiveCfg = Release|Any CPU
		{52C6D2D5-652D-472E-8EA5-A791812D276C}.Release|Any CPU.Build.0 = Release|Any CPU
	EndGlobalSection
	GlobalSection(SolutionProperties) = preSolution
		HideSolutionNode = FALSE
	EndGlobalSection
	GlobalSection(ExtensibilityGlobals) = postSolution
		SolutionGuid = {556C030E-7554-4691-9956-10B14AADA5EF}
	EndGlobalSection
EndGlobal
